// !$*UTF8*$!
{
	archiveVersion = 1;
	classes = {
	};
	objectVersion = 48;
	objects = {

/* Begin PBXBuildFile section */
		121C31FC205FDF3100B5D7BB /* AppDelegate.swift in Sources */ = {isa = PBXBuildFile; fileRef = 121C31FB205FDF3100B5D7BB /* AppDelegate.swift */; };
		121C31FE205FDF3100B5D7BB /* ViewController.swift in Sources */ = {isa = PBXBuildFile; fileRef = 121C31FD205FDF3100B5D7BB /* ViewController.swift */; };
		121C3201205FDF3100B5D7BB /* Main.storyboard in Resources */ = {isa = PBXBuildFile; fileRef = 121C31FF205FDF3100B5D7BB /* Main.storyboard */; };
		121C3203205FDF3100B5D7BB /* Assets.xcassets in Resources */ = {isa = PBXBuildFile; fileRef = 121C3202205FDF3100B5D7BB /* Assets.xcassets */; };
		121C3206205FDF3100B5D7BB /* LaunchScreen.storyboard in Resources */ = {isa = PBXBuildFile; fileRef = 121C3204205FDF3100B5D7BB /* LaunchScreen.storyboard */; };
/* End PBXBuildFile section */

/* Begin PBXFileReference section */
		121C31F8205FDF3100B5D7BB /* NotHotDog.app */ = {isa = PBXFileReference; explicitFileType = wrapper.application; includeInIndex = 0; path = NotHotDog.app; sourceTree = BUILT_PRODUCTS_DIR; };
		121C31FB205FDF3100B5D7BB /* AppDelegate.swift */ = {isa = PBXFileReference; lastKnownFileType = sourcecode.swift; path = AppDelegate.swift; sourceTree = "<group>"; };
		121C31FD205FDF3100B5D7BB /* ViewController.swift */ = {isa = PBXFileReference; lastKnownFileType = sourcecode.swift; path = ViewController.swift; sourceTree = "<group>"; };
		121C3200205FDF3100B5D7BB /* Base */ = {isa = PBXFileReference; lastKnownFileType = file.storyboard; name = Base; path = Base.lproj/Main.storyboard; sourceTree = "<group>"; };
		121C3202205FDF3100B5D7BB /* Assets.xcassets */ = {isa = PBXFileReference; lastKnownFileType = folder.assetcatalog; path = Assets.xcassets; sourceTree = "<group>"; };
		121C3205205FDF3100B5D7BB /* Base */ = {isa = PBXFileReference; lastKnownFileType = file.storyboard; name = Base; path = Base.lproj/LaunchScreen.storyboard; sourceTree = "<group>"; };
		121C3207205FDF3100B5D7BB /* Info.plist */ = {isa = PBXFileReference; lastKnownFileType = text.plist.xml; path = Info.plist; sourceTree = "<group>"; };
/* End PBXFileReference section */

/* Begin PBXFrameworksBuildPhase section */
		121C31F5205FDF3100B5D7BB /* Frameworks */ = {
			isa = PBXFrameworksBuildPhase;
			buildActionMask = 2147483647;
			files = (
			);
			runOnlyForDeploymentPostprocessing = 0;
		};
/* End PBXFrameworksBuildPhase section */

/* Begin PBXGroup section */
		121C31EF205FDF3100B5D7BB = {
			isa = PBXGroup;
			children = (
				121C31FA205FDF3100B5D7BB /* NotHotDog */,
				121C31F9205FDF3100B5D7BB /* Products */,
			);
			sourceTree = "<group>";
		};
		121C31F9205FDF3100B5D7BB /* Products */ = {
			isa = PBXGroup;
			children = (
				121C31F8205FDF3100B5D7BB /* NotHotDog.app */,
			);
			name = Products;
			sourceTree = "<group>";
		};
		121C31FA205FDF3100B5D7BB /* NotHotDog */ = {
			isa = PBXGroup;
			children = (
				121C31FB205FDF3100B5D7BB /* AppDelegate.swift */,
				121C31FD205FDF3100B5D7BB /* ViewController.swift */,
				121C31FF205FDF3100B5D7BB /* Main.storyboard */,
				121C3202205FDF3100B5D7BB /* Assets.xcassets */,
				121C3204205FDF3100B5D7BB /* LaunchScreen.storyboard */,
				121C3207205FDF3100B5D7BB /* Info.plist */,
			);
			path = NotHotDog;
			sourceTree = "<group>";
		};
/* End PBXGroup section */

/* Begin PBXNativeTarget section */
		121C31F7205FDF3100B5D7BB /* NotHotDog */ = {
			isa = PBXNativeTarget;
			buildConfigurationList = 121C320A205FDF3100B5D7BB /* Build configuration list for PBXNativeTarget "NotHotDog" */;
			buildPhases = (
				121C31F4205FDF3100B5D7BB /* Sources */,
				121C31F5205FDF3100B5D7BB /* Frameworks */,
				121C31F6205FDF3100B5D7BB /* Resources */,
			);
			buildRules = (
			);
			dependencies = (
			);
			name = NotHotDog;
			productName = NotHotDog;
			productReference = 121C31F8205FDF3100B5D7BB /* NotHotDog.app */;
			productType = "com.apple.product-type.application";
		};
/* End PBXNativeTarget section */

/* Begin PBXProject section */
		121C31F0205FDF3100B5D7BB /* Project object */ = {
			isa = PBXProject;
			attributes = {
				LastSwiftUpdateCheck = 0920;
				LastUpgradeCheck = 0920;
				ORGANIZATIONNAME = "Amandeep Singh";
				TargetAttributes = {
					121C31F7205FDF3100B5D7BB = {
						CreatedOnToolsVersion = 9.2;
						ProvisioningStyle = Automatic;
					};
				};
			};
			buildConfigurationList = 121C31F3205FDF3100B5D7BB /* Build configuration list for PBXProject "NotHotDog" */;
			compatibilityVersion = "Xcode 8.0";
			developmentRegion = en;
			hasScannedForEncodings = 0;
			knownRegions = (
				en,
				Base,
			);
			mainGroup = 121C31EF205FDF3100B5D7BB;
			productRefGroup = 121C31F9205FDF3100B5D7BB /* Products */;
			projectDirPath = "";
			projectRoot = "";
			targets = (
				121C31F7205FDF3100B5D7BB /* NotHotDog */,
			);
		};
/* End PBXProject section */

/* Begin PBXResourcesBuildPhase section */
		121C31F6205FDF3100B5D7BB /* Resources */ = {
			isa = PBXResourcesBuildPhase;
			buildActionMask = 2147483647;
			files = (
				121C3206205FDF3100B5D7BB /* LaunchScreen.storyboard in Resources */,
				121C3203205FDF3100B5D7BB /* Assets.xcassets in Resources */,
				121C3201205FDF3100B5D7BB /* Main.storyboard in Resources */,
			);
			runOnlyForDeploymentPostprocessing = 0;
		};
/* End PBXResourcesBuildPhase section */

/* Begin PBXSourcesBuildPhase section */
		121C31F4205FDF3100B5D7BB /* Sources */ = {
			isa = PBXSourcesBuildPhase;
			buildActionMask = 2147483647;
			files = (
				121C31FE205FDF3100B5D7BB /* ViewController.swift in Sources */,
				121C31FC205FDF3100B5D7BB /* AppDelegate.swift in Sources */,
			);
			runOnlyForDeploymentPostprocessing = 0;
		};
/* End PBXSourcesBuildPhase section */

/* Begin PBXVariantGroup section */
		121C31FF205FDF3100B5D7BB /* Main.storyboard */ = {
			isa = PBXVariantGroup;
			children = (
				121C3200205FDF3100B5D7BB /* Base */,
			);
			name = Main.storyboard;
			sourceTree = "<group>";
		};
		121C3204205FDF3100B5D7BB /* LaunchScreen.storyboard */ = {
			isa = PBXVariantGroup;
			children = (
				121C3205205FDF3100B5D7BB /* Base */,
			);
			name = LaunchScreen.storyboard;
			sourceTree = "<group>";
		};
/* End PBXVariantGroup section */

/* Begin XCBuildConfiguration section */
		121C3208205FDF3100B5D7BB /* Debug */ = {
			isa = XCBuildConfiguration;
			buildSettings = {
				ALWAYS_SEARCH_USER_PATHS = NO;
				CLANG_ANALYZER_NONNULL = YES;
				CLANG_ANALYZER_NUMBER_OBJECT_CONVERSION = YES_AGGRESSIVE;
				CLANG_CXX_LANGUAGE_STANDARD = "gnu++14";
				CLANG_CXX_LIBRARY = "libc++";
				CLANG_ENABLE_MODULES = YES;
				CLANG_ENABLE_OBJC_ARC = YES;
				CLANG_WARN_BLOCK_CAPTURE_AUTORELEASING = YES;
				CLANG_WARN_BOOL_CONVERSION = YES;
				CLANG_WARN_COMMA = YES;
				CLANG_WARN_CONSTANT_CONVERSION = YES;
				CLANG_WARN_DIRECT_OBJC_ISA_USAGE = YES_ERROR;
				CLANG_WARN_DOCUMENTATION_COMMENTS = YES;
				CLANG_WARN_EMPTY_BODY = YES;
				CLANG_WARN_ENUM_CONVERSION = YES;
				CLANG_WARN_INFINITE_RECURSION = YES;
				CLANG_WARN_INT_CONVERSION = YES;
				CLANG_WARN_NON_LITERAL_NULL_CONVERSION = YES;
				CLANG_WARN_OBJC_LITERAL_CONVERSION = YES;
				CLANG_WARN_OBJC_ROOT_CLASS = YES_ERROR;
				CLANG_WARN_RANGE_LOOP_ANALYSIS = YES;
				CLANG_WARN_STRICT_PROTOTYPES = YES;
				CLANG_WARN_SUSPICIOUS_MOVE = YES;
				CLANG_WARN_UNGUARDED_AVAILABILITY = YES_AGGRESSIVE;
				CLANG_WARN_UNREACHABLE_CODE = YES;
				CLANG_WARN__DUPLICATE_METHOD_MATCH = YES;
				CODE_SIGN_IDENTITY = "iPhone Developer";
				COPY_PHASE_STRIP = NO;
				DEBUG_INFORMATION_FORMAT = dwarf;
				ENABLE_STRICT_OBJC_MSGSEND = YES;
				ENABLE_TESTABILITY = YES;
				GCC_C_LANGUAGE_STANDARD = gnu11;
				GCC_DYNAMIC_NO_PIC = NO;
				GCC_NO_COMMON_BLOCKS = YES;
				GCC_OPTIMIZATION_LEVEL = 0;
				GCC_PREPROCESSOR_DEFINITIONS = (
					"DEBUG=1",
					"$(inherited)",
				);
				GCC_WARN_64_TO_32_BIT_CONVERSION = YES;
				GCC_WARN_ABOUT_RETURN_TYPE = YES_ERROR;
				GCC_WARN_UNDECLARED_SELECTOR = YES;
				GCC_WARN_UNINITIALIZED_AUTOS = YES_AGGRESSIVE;
				GCC_WARN_UNUSED_FUNCTION = YES;
				GCC_WARN_UNUSED_VARIABLE = YES;
				IPHONEOS_DEPLOYMENT_TARGET = 11.2;
				MTL_ENABLE_DEBUG_INFO = YES;
				ONLY_ACTIVE_ARCH = YES;
				SDKROOT = iphoneos;
				SWIFT_ACTIVE_COMPILATION_CONDITIONS = DEBUG;
				SWIFT_OPTIMIZATION_LEVEL = "-Onone";
			};
			name = Debug;
		};
		121C3209205FDF3100B5D7BB /* Release */ = {
			isa = XCBuildConfiguration;
			buildSettings = {
				ALWAYS_SEARCH_USER_PATHS = NO;
				CLANG_ANALYZER_NONNULL = YES;
				CLANG_ANALYZER_NUMBER_OBJECT_CONVERSION = YES_AGGRESSIVE;
				CLANG_CXX_LANGUAGE_STANDARD = "gnu++14";
				CLANG_CXX_LIBRARY = "libc++";
				CLANG_ENABLE_MODULES = YES;
				CLANG_ENABLE_OBJC_ARC = YES;
				CLANG_WARN_BLOCK_CAPTURE_AUTORELEASING = YES;
				CLANG_WARN_BOOL_CONVERSION = YES;
				CLANG_WARN_COMMA = YES;
				CLANG_WARN_CONSTANT_CONVERSION = YES;
				CLANG_WARN_DIRECT_OBJC_ISA_USAGE = YES_ERROR;
				CLANG_WARN_DOCUMENTATION_COMMENTS = YES;
				CLANG_WARN_EMPTY_BODY = YES;
				CLANG_WARN_ENUM_CONVERSION = YES;
				CLANG_WARN_INFINITE_RECURSION = YES;
				CLANG_WARN_INT_CONVERSION = YES;
				CLANG_WARN_NON_LITERAL_NULL_CONVERSION = YES;
				CLANG_WARN_OBJC_LITERAL_CONVERSION = YES;
				CLANG_WARN_OBJC_ROOT_CLASS = YES_ERROR;
				CLANG_WARN_RANGE_LOOP_ANALYSIS = YES;
				CLANG_WARN_STRICT_PROTOTYPES = YES;
				CLANG_WARN_SUSPICIOUS_MOVE = YES;
				CLANG_WARN_UNGUARDED_AVAILABILITY = YES_AGGRESSIVE;
				CLANG_WARN_UNREACHABLE_CODE = YES;
				CLANG_WARN__DUPLICATE_METHOD_MATCH = YES;
				CODE_SIGN_IDENTITY = "iPhone Developer";
				COPY_PHASE_STRIP = NO;
				DEBUG_INFORMATION_FORMAT = "dwarf-with-dsym";
				ENABLE_NS_ASSERTIONS = NO;
				ENABLE_STRICT_OBJC_MSGSEND = YES;
				GCC_C_LANGUAGE_STANDARD = gnu11;
				GCC_NO_COMMON_BLOCKS = YES;
				GCC_WARN_64_TO_32_BIT_CONVERSION = YES;
				GCC_WARN_ABOUT_RETURN_TYPE = YES_ERROR;
				GCC_WARN_UNDECLARED_SELECTOR = YES;
				GCC_WARN_UNINITIALIZED_AUTOS = YES_AGGRESSIVE;
				GCC_WARN_UNUSED_FUNCTION = YES;
				GCC_WARN_UNUSED_VARIABLE = YES;
				IPHONEOS_DEPLOYMENT_TARGET = 11.2;
				MTL_ENABLE_DEBUG_INFO = NO;
				SDKROOT = iphoneos;
				SWIFT_OPTIMIZATION_LEVEL = "-Owholemodule";
				VALIDATE_PRODUCT = YES;
			};
			name = Release;
		};
		121C320B205FDF3100B5D7BB /* Debug */ = {
			isa = XCBuildConfiguration;
			buildSettings = {
				ASSETCATALOG_COMPILER_APPICON_NAME = AppIcon;
				CODE_SIGN_STYLE = Automatic;
				DEVELOPMENT_TEAM = QCML3N5VMB;
				INFOPLIST_FILE = NotHotDog/Info.plist;
				LD_RUNPATH_SEARCH_PATHS = "$(inherited) @executable_path/Frameworks";
				PRODUCT_BUNDLE_IDENTIFIER = com.deepjatts.NotHotDog;
				PRODUCT_NAME = "$(TARGET_NAME)";
				SWIFT_VERSION = 4.0;
				TARGETED_DEVICE_FAMILY = "1,2";
			};
			name = Debug;
		};
		121C320C205FDF3100B5D7BB /* Release */ = {
			isa = XCBuildConfiguration;
			buildSettings = {
				ASSETCATALOG_COMPILER_APPICON_NAME = AppIcon;
				CODE_SIGN_STYLE = Automatic;
				DEVELOPMENT_TEAM = QCML3N5VMB;
				INFOPLIST_FILE = NotHotDog/Info.plist;
				LD_RUNPATH_SEARCH_PATHS = "$(inherited) @executable_path/Frameworks";
				PRODUCT_BUNDLE_IDENTIFIER = com.deepjatts.NotHotDog;
				PRODUCT_NAME = "$(TARGET_NAME)";
				SWIFT_VERSION = 4.0;
				TARGETED_DEVICE_FAMILY = "1,2";
			};
			name = Release;
		};
/* End XCBuildConfiguration section */

/* Begin XCConfigurationList section */
		121C31F3205FDF3100B5D7BB /* Build configuration list for PBXProject "NotHotDog" */ = {
			isa = XCConfigurationList;
			buildConfigurations = (
				121C3208205FDF3100B5D7BB /* Debug */,
				121C3209205FDF3100B5D7BB /* Release */,
			);
			defaultConfigurationIsVisible = 0;
			defaultConfigurationName = Release;
		};
		121C320A205FDF3100B5D7BB /* Build configuration list for PBXNativeTarget "NotHotDog" */ = {
			isa = XCConfigurationList;
			buildConfigurations = (
				121C320B205FDF3100B5D7BB /* Debug */,
				121C320C205FDF3100B5D7BB /* Release */,
			);
			defaultConfigurationIsVisible = 0;
			defaultConfigurationName = Release;
		};
/* End XCConfigurationList section */
	};
	rootObject = 121C31F0205FDF3100B5D7BB /* Project object */;
}
